
Microsoft Visual Studio Solution File, Format Version 12.00
# Visual Studio Version 17
VisualStudioVersion = 17.14.36327.8
MinimumVisualStudioVersion = 10.0.40219.1
Project("{FAE04EC0-301F-11D3-BF4B-00C04F79EFBC}") = "NoumanJobPortal", "NoumanJobPortal\NoumanJobPortal.csproj", "{2BFAB408-1C89-44EE-AA01-3332133E1DAA}"
EndProject
Project("{FAE04EC0-301F-11D3-BF4B-00C04F79EFBC}") = "NoumanJobPortal.Tests", "NoumanJobPortal.Tests\NoumanJobPortal.Tests.csproj", "{FBB922A3-4568-49AF-AEA4-7863C21FDBC3}"
EndProject
Project("{FAE04EC0-301F-11D3-BF4B-00C04F79EFBC}") = "PortalFrontEnd", "PortalFrontEnd\PortalFrontEnd.csproj", "{BC76EFE0-A206-4ED3-A7ED-A52E7F6480B5}"
EndProject
Global
	GlobalSection(SolutionConfigurationPlatforms) = preSolution
		Debug|Any CPU = Debug|Any CPU
		Release|Any CPU = Release|Any CPU
	EndGlobalSection
	GlobalSection(ProjectConfigurationPlatforms) = postSolution
		{2BFAB408-1C89-44EE-AA01-3332133E1DAA}.Debug|Any CPU.ActiveCfg = Debug|Any CPU
		{2BFAB408-1C89-44EE-AA01-3332133E1DAA}.Debug|Any CPU.Build.0 = Debug|Any CPU
		{2BFAB408-1C89-44EE-AA01-3332133E1DAA}.Release|Any CPU.ActiveCfg = Release|Any CPU
		{2BFAB408-1C89-44EE-AA01-3332133E1DAA}.Release|Any CPU.Build.0 = Release|Any CPU
		{FBB922A3-4568-49AF-AEA4-7863C21FDBC3}.Debug|Any CPU.ActiveCfg = Debug|Any CPU
		{FBB922A3-4568-49AF-AEA4-7863C21FDBC3}.Debug|Any CPU.Build.0 = Debug|Any CPU
		{FBB922A3-4568-49AF-AEA4-7863C21FDBC3}.Release|Any CPU.ActiveCfg = Release|Any CPU
		{FBB922A3-4568-49AF-AEA4-7863C21FDBC3}.Release|Any CPU.Build.0 = Release|Any CPU
		{BC76EFE0-A206-4ED3-A7ED-A52E7F6480B5}.Debug|Any CPU.ActiveCfg = Debug|Any CPU
		{BC76EFE0-A206-4ED3-A7ED-A52E7F6480B5}.Debug|Any CPU.Build.0 = Debug|Any CPU
		{BC76EFE0-A206-4ED3-A7ED-A52E7F6480B5}.Release|Any CPU.ActiveCfg = Release|Any CPU
		{BC76EFE0-A206-4ED3-A7ED-A52E7F6480B5}.Release|Any CPU.Build.0 = Release|Any CPU
	EndGlobalSection
	GlobalSection(SolutionProperties) = preSolution
		HideSolutionNode = FALSE
	EndGlobalSection
	GlobalSection(ExtensibilityGlobals) = postSolution
		SolutionGuid = {7872D474-D84C-4299-9C82-D3157BB28156}
	EndGlobalSection
EndGlobal
